version = 1
revision = 3
requires-python = ">=3.12, <3.14"

[[package]]
name = "numpy"
version = "2.5.3"
source = { registry = "https://pypi.org/simple" }
sdist = { url = "https://files.pythonhosted.org/packages/13/01/11703282db468b85f6f7b8c7f22d058de5970d5c7e60a3a8aaa313c3de36/numpy-2.5.3.tar.gz", hash = "sha256:df2d5874ff183595a4ba404edd04f6bd9b5505c1d7708573f6a6c17489a67563", size = 20791231, upload-time = "2026-09-06T16:27:47.073Z" }
wheels = [
    { url = "https://files.pythonhosted.org/packages/d6/50/8fdbb16af64895706a45f06a4068e29db732ec180f3c1375f14123359138/numpy-2.5.3-cp312-cp312-macosx_10_13_x86_64.whl", hash = "sha256:cb189f09db39283b26bfd061ec16189e14f71c6755207f72a0f7540867afe5b9", size = 16994982, upload-time = "2026-09-06T16:24:29.244Z" },
    { url = "https://files.pythonhosted.org/packages/60/39/789131c1188c078dcb3a1692e72e1e050c68b88ffe72c9ccaac9bcd7a9cd/numpy-2.5.3-cp312-cp312-macosx_11_0_arm64.whl", hash = "sha256:f59a878c33d6b88122d80d239bb3b845d58708750b0cb06a09aebb9b18ec696c", size = 12009327, upload-time = "2026-09-06T16:24:32.491Z" },
    { url = "https://files.pythonhosted.org/packages/9c/59/a312e95696e5f601914dd8b6dd844692ba61670807417e24b68e337b5c70/numpy-2.5.3-cp312-cp312-macosx_14_0_arm64.whl", hash = "sha256:a72f874bc9e10e4b8f80426fb49716d5141f64442a0c8418065093ec8017fbb0", size = 5445405, upload-time = "2026-09-06T16:24:35.071Z" },
    { url = "https://files.pythonhosted.org/packages/30/d0/5623a1707ed4fe16e3909fe3cf5ee3da004ae677ad23d83bbf3adf1a6faf/numpy-2.5.3-cp312-cp312-macosx_14_0_x86_64.whl", hash = "sha256:fc36dc566135b5eceec4cf89758fcb719266a019ef07dae1754ae7c9f617ef3e", size = 6783213, upload-time = "2026-09-06T16:24:37.253Z" },
    { url = "https://files.pythonhosted.org/packages/f1/32/84146fc020ad3c25f805f70ab60da46fe3c540a21369754a7e4369754b6f/numpy-2.5.3-cp312-cp312-manylinux_2_27_aarch64.manylinux_2_28_aarch64.whl", hash = "sha256:76c2c1e6bfa5c84adc6434dfbf013aa92096a7985221762c8f11fedfd20fff58", size = 15687872, upload-time = "2026-09-06T16:24:39.751Z" },
    { url = "https://files.pythonhosted.org/packages/65/af/aa78d1a88805456e212b65461354cd943197fb9acecc4c90fd12295123a3/numpy-2.5.3-cp312-cp312-manylinux_2_27_x86_64.manylinux_2_28_x86_64.whl", hash = "sha256:b7e18c623bb5c95acb3b3328861272816ba199fb531921c5d6d0b675f1fde9e3", size = 16717410, upload-time = "2026-09-06T16:24:42.745Z" },
    { url = "https://files.pythonhosted.org/packages/3b/24/faa79d865e69a97ba17473b23a1b74094b2259c03e820c70297293b9ea49/numpy-2.5.3-cp312-cp312-musllinux_1_2_aarch64.whl", hash = "sha256:4f8929ee6c96bfbd7b4ed2032e0c03af86fe1826740ab61ddabf9072d06e57ff", size = 17040975, upload-time = "2026-09-06T16:24:45.961Z" },
    { url = "https://files.pythonhosted.org/packages/62/4a/8877e629445a7176297dffcaf9c485faa96a95d81728a62521ad55bd4c0f/numpy-2.5.3-cp312-cp312-musllinux_1_2_x86_64.whl", hash = "sha256:b5d93cf48f687479941d12b69c873ad2cc76bbd487f0091c2200636497f34034", size = 18476479, upload-time = "2026-09-06T16:24:49.35Z" },
    { url = "https://files.pythonhosted.org/packages/c8/db/35e1c2d38b04cbd5b731f9d71495e055e813197669d22b612f11748d2ff9/numpy-2.5.3-cp312-cp312-win32.whl", hash = "sha256:bf63afbe037eb5d2fe87fbcc7778e61da53ebaf21d938a4515aa73b62532a5d4", size = 6133378, upload-time = "2026-09-06T16:24:51.915Z" },
    { url = "https://files.pythonhosted.org/packages/3c/a1/accf6d4f0c80c5d9ba9735d6b1550e444180599f34dec69ca01360f717ad/numpy-2.5.3-cp312-cp312-win_amd64.whl", hash = "sha256:0a59a421a32580a009e8a1751345bf829631b990dc1794b80514ab722b435def", size = 12567828, upload-time = "2026-09-06T16:24:54.255Z" },
    { url = "https://files.pythonhosted.org/packages/22/43/1764aff32e4652526ae2f71fa8b3efd8d25c8a3d6926914454e47138ed1e/numpy-2.5.3-cp312-cp312-win_arm64.whl", hash = "sha256:ccb32e0525d29e8b0572eb84c9a57af0e7a4e615726927506f55063c62414034", size = 10485432, upload-time = "2026-09-06T16:24:57.278Z" },
    { url = "https://files.pythonhosted.org/packages/79/e5/8fb89cd46d14e35699d13bf943a5f5f441ecee8667120a1f6105ab89e349/numpy-2.5.3-cp313-cp313-macosx_10_13_x86_64.whl", hash = "sha256:66a78fe4556c60aceda5916f9eacd638b18e9e681016ec302dcb4682d6d4d034", size = 16991061, upload-time = "2026-09-06T16:25:00.411Z" },
    { url = "https://files.pythonhosted.org/packages/2f/06/9dc9e48b5e5e941c8b10350c5ff2d721da42a20517d911d15544246775ff/numpy-2.5.3-cp313-cp313-macosx_11_0_arm64.whl", hash = "sha256:92f30e89b8ee0ecf363033576c422b2f58fed6a80bed0aa48dff6d14c654663e", size = 12003676, upload-time = "2026-09-06T16:25:03.475Z" },
    { url = "https://files.pythonhosted.org/packages/ab/2a/98282aa5b8f58b1157d440bb6282eed47e3632a5de53a714fbab17e659fe/numpy-2.5.3-cp313-cp313-macosx_14_0_arm64.whl", hash = "sha256:f9a2353b37a1a9e78fd82b27ad7e2a32a2d036604d18f02b05e3136c62ca3b09", size = 5439695, upload-time = "2026-09-06T16:25:05.978Z" },
    { url = "https://files.pythonhosted.org/packages/a1/f9/b6533d777be9d6ffd29dc1be0867e563e6e8cc9a220ff1b716adc317f060/numpy-2.5.3-cp313-cp313-macosx_14_0_x86_64.whl", hash = "sha256:ccbc4665079665c3cf3bab4db9f6b095370cd6437d66be549b6c2a1fd19e1958", size = 6779395, upload-time = "2026-09-06T16:25:08.599Z" },
    { url = "https://files.pythonhosted.org/packages/73/85/735720d04ec197c5dcfacdfc9922667c7f1f5f496a279b7ba4d7c74c4cc7/numpy-2.5.3-cp313-cp313-manylinux_2_27_aarch64.manylinux_2_28_aarch64.whl", hash = "sha256:c76d5dde9f445058f83d0c02af00557a4db91de9a9a57c0df87d1535001d654b", size = 15681750, upload-time = "2026-09-06T16:25:11.173Z" },
    { url = "https://files.pythonhosted.org/packages/3a/1b/3b16a9bc514a440a7a0883684111dcb1ef1aee960af2ca95da8fc775f124/numpy-2.5.3-cp313-cp313-manylinux_2_27_x86_64.manylinux_2_28_x86_64.whl", hash = "sha256:a5fa86b80fd24bcd1aff83ad23be44ea323de3f787be8f8b15d4a65621e25321", size = 16708577, upload-time = "2026-09-06T16:25:14.171Z" },
    { url = "https://files.pythonhosted.org/packages/69/c4/386f397831b07328b639c96c5b62719346cf4baf07c68d927239752b1534/numpy-2.5.3-cp313-cp313-musllinux_1_2_aarch64.whl", hash = "sha256:bd4cb9ad3c7889b9b3fe0a9a9fb5d2ed26f9879bff2608d9f01aed147a20d231", size = 17042047, upload-time = "2026-09-06T16:25:17.582Z" },
    { url = "https://files.pythonhosted.org/packages/5f/3e/a700ecbf36e85ae8328fd3b0e12eeddc22ed6358a64cb2bd913e0d195d65/numpy-2.5.3-cp313-cp313-musllinux_1_2_x86_64.whl", hash = "sha256:1302b90c0e52281681b2975adfe8a860cb7b12216a27b4b0b4207c44bf7bccf0", size = 18465724, upload-time = "2026-09-06T16:25:20.949Z" },
    { url = "https://files.pythonhosted.org/packages/41/ee/38e785e88a4045f6ad1d1f2808dcdfafdca48c760260c0587bf171e29fc9/numpy-2.5.3-cp313-cp313-win32.whl", hash = "sha256:1c80eabb4035ecf4ca9cd49cde8a9fdd69a729e63e6474887d1523ade7aa277f", size = 6129003, upload-time = "2026-09-06T16:25:23.664Z" },
    { url = "https://files.pythonhosted.org/packages/f3/ec/100f2b1794ede74a9b3d7ec6b9736927f56713414c1dfe19ab6c383494bf/numpy-2.5.3-cp313-cp313-win_amd64.whl", hash = "sha256:71cad2b2a7451ab79d8f5e71b453485b6775963d5cf794179144a7463fe6e8ec", size = 12560965, upload-time = "2026-09-06T16:25:26.602Z" },
    { url = "https://files.pythonhosted.org/packages/80/b1/7dc825ca94c12acebbce4c37caa5e198695eb31424bc579679f32b1bb49d/numpy-2.5.3-cp313-cp313-win_arm64.whl", hash = "sha256:8e4dd766076855b5ff7ea52fa5f07ce26286726e0f8bff446b7739d02e6ea204", size = 10482343, upload-time = "2026-09-06T16:25:29.772Z" },
]

[[package]]
name = "opencv-python-headless"
version = "5.0.0.93"
source = { registry = "https://pypi.org/simple" }
dependencies = [
    { name = "numpy" },
]
sdist = { url = "https://files.pythonhosted.org/packages/1d/99/76b7c80252aa83c1af16393454aafd125a0287101afe8deb0a6821af0e30/opencv_python_headless-5.0.0.93.tar.gz", hash = "sha256:b82f9831daab90b725c7c1ee1b36cb5732c367096ac76d119e64e14eb70d5f3c", size = 81817738, upload-time = "2026-07-02T07:01:06.039Z" }
wheels = [
    { url = "https://files.pythonhosted.org/packages/53/7c/8c8097891c509d98cd128493835c95631c80be6a8f37ed9d25716c2e16f1/opencv_python_headless-5.0.0.93-cp37-abi3-macosx_13_0_arm64.whl", hash = "sha256:030ca5e0837a2963ab36ef896baa9767eb8d2b83353fb28af5a521e40dd8756f", size = 48322581, upload-time = "2026-07-02T05:50:34.207Z" },
    { url = "https://files.pythonhosted.org/packages/90/8c/eab2ad388c3cbab2a350c10c2ef19ce6bd099240afc31789032c996bab52/opencv_python_headless-5.0.0.93-cp37-abi3-macosx_14_0_x86_64.whl", hash = "sha256:1e55af3abfb462eeeabe5c775f12bdb36216d8a93a3583d69e6bd6e1d6ba7d00", size = 34782894, upload-time = "2026-07-02T05:51:39.856Z" },
    { url = "https://files.pythonhosted.org/packages/ec/78/afca939f40ffe2b2380bfa86f812b2f7d4acc5a27b27dc41b49cad7ce7b4/opencv_python_headless-5.0.0.93-cp37-abi3-manylinux2014_aarch64.manylinux_2_17_aarch64.whl", hash = "sha256:10818d91510e05c04568ae12b5cd120779c70c01bf897b001a6221fe430df80f", size = 36521085, upload-time = "2026-07-02T06:55:24.429Z" },
    { url = "https://files.pythonhosted.org/packages/2b/97/8170e9819764c47e436c130d3ff6cfb73b58f923eae9d3a03d8982b04aec/opencv_python_headless-5.0.0.93-cp37-abi3-manylinux2014_x86_64.manylinux_2_17_x86_64.whl", hash = "sha256:09a872a157c1376ab922a69bbf22f9a95bcc7b658a9d8b436a60212b02b2eeb4", size = 56563598, upload-time = "2026-07-02T06:55:47.355Z" },
    { url = "https://files.pythonhosted.org/packages/3a/98/1a28a7101e31801042b3098871a74b76c61581d328ef40774ff4edb53a56/opencv_python_headless-5.0.0.93-cp37-abi3-manylinux_2_28_aarch64.whl", hash = "sha256:840bd717c21e5c11cadadc022a823315ea417f961213d06b4df010e019eb16f4", size = 39648433, upload-time = "2026-07-02T06:56:04.255Z" },
    { url = "https://files.pythonhosted.org/packages/9b/21/f6ef335f6e65724aa78b8d792b48d40a48c381715f1e62f5a5049e09d07e/opencv_python_headless-5.0.0.93-cp37-abi3-manylinux_2_28_x86_64.whl", hash = "sha256:ed709fdf9aa0bd1f2ed8549e71d19449b03a675bb581eb292285f6861953be37", size = 61204038, upload-time = "2026-07-02T06:56:41.823Z" },
    { url = "https://files.pythonhosted.org/packages/d0/8f/b8756467ea991449a293797f6b3fa80fcfdd29598a0a60d1cd5715b96e61/opencv_python_headless-5.0.0.93-cp37-abi3-win32.whl", hash = "sha256:c6bcd96b185975ea240d22cfdb15a1f6d080cc95264cfbe2621f21bb144d89b9", size = 35411237, upload-time = "2026-07-02T05:50:12.901Z" },
    { url = "https://files.pythonhosted.org/packages/b8/88/763b967f7efd7226b82c9fae16d560cba049b1f0c036647e65c610fd636e/opencv_python_headless-5.0.0.93-cp37-abi3-win_amd64.whl", hash = "sha256:829717b6a95554f273e49e357cee3b3a2a26b6f4842fbc1bed2b45bdd8f87e0e", size = 43825962, upload-time = "2026-07-02T05:50:09.627Z" },
]

[[package]]
name = "pillow"
version = "12.3.0"
source = { registry = "https://pypi.org/simple" }
sdist = { url = "https://files.pythonhosted.org/packages/1c/3d/bb7fca845737cf9d7dbde16ed1843984665ff2e0a518f5db43e77ec540b9/pillow-12.3.0.tar.gz", hash = "sha256:3b8182a766685eaa002637e28b4ec8d6b18819a0c71f579bf0dbaa5830297cce", size = 47025035, upload-time = "2026-07-01T11:56:38.965Z" }
wheels = [
    { url = "https://files.pythonhosted.org/packages/37/bf/fb3ebff8ddcb76aac5a01389251bbbb9519922a9b520d8247c1ca864a25d/pillow-12.3.0-cp312-cp312-macosx_10_13_x86_64.whl", hash = "sha256:ba09209fbe443b4acccebe845d8a138b89a8f4fbaeedd44953490b5315d5e965", size = 5345969, upload-time = "2026-07-01T11:54:06.397Z" },
    { url = "https://files.pythonhosted.org/packages/d8/66/9a386a92561f402389a4fc70c18838bf6d35eb5eb5c6850b4b2dc64f5048/pillow-12.3.0-cp312-cp312-macosx_11_0_arm64.whl", hash = "sha256:ffd0c5368496f41b0944be820fcb7a838aa6e623d250b01acf2643939c3f99d7", size = 4780323, upload-time = "2026-07-01T11:54:09.351Z" },
    { url = "https://files.pythonhosted.org/packages/25/27/ac8f99618ffd3dde21db0f4d4b1d2ab00c0880595bfd17df103f7f39fd0c/pillow-12.3.0-cp312-cp312-manylinux_2_27_aarch64.manylinux_2_28_aarch64.whl", hash = "sha256:d9c7f76c0673154f044e9d78c8655fb4213f6ca31a836df48b40fe5d187717b9", size = 6266838, upload-time = "2026-07-01T11:54:11.71Z" },
    { url = "https://files.pythonhosted.org/packages/84/21/a35af28dcc61f37ed850a2d64c65c701321dfbf25085e469d5559360cbbf/pillow-12.3.0-cp312-cp312-manylinux_2_27_x86_64.manylinux_2_28_x86_64.whl", hash = "sha256:78cb2c6865a35ab8ff8b75fd122f6033b92a62c82801110e48ddd6c936a45d91", size = 6940830, upload-time = "2026-07-01T11:54:13.732Z" },
    { url = "https://files.pythonhosted.org/packages/eb/51/8b08617af3ad95e33ce6d7dd2c99ed6c8298f7fb131636303956be022e25/pillow-12.3.0-cp312-cp312-musllinux_1_2_aarch64.whl", hash = "sha256:e491916b378fba47242221bb9ead245211b70d504f495d105d17b14a24b4907c", size = 6344383, upload-time = "2026-07-01T11:54:15.756Z" },
    { url = "https://files.pythonhosted.org/packages/1d/72/cf78ac9780bb93c28328f408973845a309d4d145041665f734572ced1b52/pillow-12.3.0-cp312-cp312-musllinux_1_2_x86_64.whl", hash = "sha256:0dd2064cbc55aaec028ef5fbb60fa47bb6c3e7918e07ff17935284b227a9d2df", size = 7052934, upload-time = "2026-07-01T11:54:17.721Z" },
    { url = "https://files.pythonhosted.org/packages/20/20/25e0f4dc178a6bc0696793720055519a0de89e7661dae886992decbd2f81/pillow-12.3.0-cp312-cp312-win32.whl", hash = "sha256:dbce0b29841537a2fa4a214c2bbf14de3587c9680caa9b4e217568472490b28f", size = 6472684, upload-time = "2026-07-01T11:54:19.839Z" },
    { url = "https://files.pythonhosted.org/packages/45/89/da2f7971a317f83d807fdd4065c0af40208e59e692cc43d315a71a0e96d1/pillow-12.3.0-cp312-cp312-win_amd64.whl", hash = "sha256:a2b55dd6b2a4c4b7d87ffa56bdb33fdc5fdb9a462173861a7bc097f17d91cb09", size = 7227137, upload-time = "2026-07-01T11:54:22.025Z" },
    { url = "https://files.pythonhosted.org/packages/de/47/4845a0a6c0dbf1db8456bd9fc791f13c5ced7ced20606d08a0aacfd25b49/pillow-12.3.0-cp312-cp312-win_arm64.whl", hash = "sha256:331b624368d4f1d069149002f25f44bc61c8919ce8ddb3c45bdad8f6e2d89510", size = 2568267, upload-time = "2026-07-01T11:54:24.051Z" },
    { url = "https://files.pythonhosted.org/packages/9d/ac/31fb64e1e7efb5a4b50cd3d92049ba89ac6e4d8d3bb6a74e15048ca3353e/pillow-12.3.0-cp313-cp313-ios_13_0_arm64_iphoneos.whl", hash = "sha256:21900ce7ba264168cd50defae43cd75d25c833ad4ad6e73ffc5596d12e25ac89", size = 4161684, upload-time = "2026-07-01T11:54:25.934Z" },
    { url = "https://files.pythonhosted.org/packages/87/b4/9805e23d2b4d77842b468513841fda254ee42f0289d25088340e4ff46e2d/pillow-12.3.0-cp313-cp313-ios_13_0_arm64_iphonesimulator.whl", hash = "sha256:4e8c2a84d977f50b9daed6eeaf3baef67d00d5d74d932288f02cb94518ee3ace", size = 4255487, upload-time = "2026-07-01T11:54:27.935Z" },
    { url = "https://files.pythonhosted.org/packages/df/39/ecf519435a200c693fe053a6ee4d835b41cf963a4dfc2551c4e637cb2a71/pillow-12.3.0-cp313-cp313-ios_13_0_x86_64_iphonesimulator.whl", hash = "sha256:ae26d61dfa7a47befdc7572b521024e8745f3d809bd95ca9505a7bba9ef849ec", size = 3696433, upload-time = "2026-07-01T11:54:29.813Z" },
    { url = "https://files.pythonhosted.org/packages/42/92/2fc3ffad878ae8dd5469ec1bc8eb83b71f48e13efdf68f02709003982a32/pillow-12.3.0-cp313-cp313-macosx_10_13_x86_64.whl", hash = "sha256:7a743ff716f746fc19a9557f60dab1600d4613255f8a7aeb3cdde4db7eb15a66", size = 5345889, upload-time = "2026-07-01T11:54:31.97Z" },
    { url = "https://files.pythonhosted.org/packages/10/76/8803c13605b763d33d156c4678fc77f8443389c0c51c8aef707bb02015f4/pillow-12.3.0-cp313-cp313-macosx_11_0_arm64.whl", hash = "sha256:d69141514cc30b774ceea5e3ed3a6635c8d8a96edf664689b890f4089111fb35", size = 4780109, upload-time = "2026-07-01T11:54:34.026Z" },
    { url = "https://files.pythonhosted.org/packages/1f/01/e18aff37cb0b4aac47ac90f016d347a49aca667ef97f190b06ac2aabc928/pillow-12.3.0-cp313-cp313-manylinux_2_27_aarch64.manylinux_2_28_aarch64.whl", hash = "sha256:f7401aebd7f581d7f83a439d87d474999317ee099218e5ad25d125290990ba65", size = 6263736, upload-time = "2026-07-01T11:54:36.131Z" },
    { url = "https://files.pythonhosted.org/packages/f7/62/de5bdd77d935331f4f802edc11e4d82950f642caad6cb2f949837b8560e2/pillow-12.3.0-cp313-cp313-manylinux_2_27_x86_64.manylinux_2_28_x86_64.whl", hash = "sha256:0847a763afefb695bc912d7c131e7e0632d4edc1d8698f58ddabec8e46b8b6d3", size = 6937129, upload-time = "2026-07-01T11:54:38.216Z" },
    { url = "https://files.pythonhosted.org/packages/70/4d/105627a13300c5e0df1d174230b32fd1273062c96f7745fd552b945d1e1d/pillow-12.3.0-cp313-cp313-musllinux_1_2_aarch64.whl", hash = "sha256:571b9fcb07b97ef3a492028fb3d2dc0993ca23a06138b0315286566d29ef718a", size = 6339562, upload-time = "2026-07-01T11:54:40.354Z" },
    { url = "https://files.pythonhosted.org/packages/6b/1d/f13de01a553988ab895ba1c722e06cf3144d4f57656fd5b81b6d881f1179/pillow-12.3.0-cp313-cp313-musllinux_1_2_x86_64.whl", hash = "sha256:756c768d0c9c2955feb7a56c37ea24aea2e369f8d36a88da270b6a9f19e62b5e", size = 7049439, upload-time = "2026-07-01T11:54:42.489Z" },
    { url = "https://files.pythonhosted.org/packages/c9/f9/066794cca041b969964f779ee5fa66a9498bbf34248ac39c5d7954e4198f/pillow-12.3.0-cp313-cp313-win32.whl", hash = "sha256:a876864214e136f0eb367788dbd7df045f4806801518e2cfe9e13229cfe06d8f", size = 6473287, upload-time = "2026-07-01T11:54:44.9Z" },
    { url = "https://files.pythonhosted.org/packages/a6/9b/7a58e61d62be561da3a356fe2384d4059a6345fc130e23ef1c36a5b81d24/pillow-12.3.0-cp313-cp313-win_amd64.whl", hash = "sha256:1cca606cd25738df4ed873d5ad46bbdb3d83b5cbca291f6b4ff13a4df6b0bbe8", size = 7239691, upload-time = "2026-07-01T11:54:47.141Z" },
    { url = "https://files.pythonhosted.org/packages/aa/b0/c4ed4f0ef8f8fa5ee8351537db6650bb8189f7e118842978dd6589065692/pillow-12.3.0-cp313-cp313-win_arm64.whl", hash = "sha256:b629de27fda84b42cde7edef0d85f13b958b47f6e9bbcbba9b673c562a89bd8b", size = 2568185, upload-time = "2026-07-01T11:54:49.137Z" },
]

[[package]]
name = "room2blender"
version = "1.1.0"
source = { virtual = "." }
dependencies = [
    { name = "numpy" },
    { name = "opencv-python-headless" },
    { name = "pillow" },
]

[package.metadata]
requires-dist = [
    { name = "numpy", specifier = "==2.5.3" },
    { name = "opencv-python-headless", specifier = "==5.0.0.93" },
    { name = "pillow", specifier = "==12.3.0" },
]
